
Microsoft Visual Studio Solution File, Format Version 12.00
# Visual Studio Version 17
VisualStudioVersion = 17.4.33122.133
MinimumVisualStudioVersion = 10.0.40219.1
Project("{9A19103F-16F7-4668-BE54-9A1E7A4F7556}") = "ComputerArchitecture", "ComputerArchitecture.csproj", "{5AD873FC-D304-4B3A-9A43-C8519D2958B6}"
EndProject
Global
	GlobalSection(SolutionConfigurationPlatforms) = preSolution
		Debug|Any CPU = Debug|Any CPU
		Release|Any CPU = Release|Any CPU
	EndGlobalSection
	GlobalSection(ProjectConfigurationPlatforms) = postSolution
		{5AD873FC-D304-4B3A-9A43-C8519D2958B6}.Debug|Any CPU.ActiveCfg = Debug|Any CPU
		{5AD873FC-D304-4B3A-9A43-C8519D2958B6}.Debug|Any CPU.Build.0 = Debug|Any CPU
		{5AD873FC-D304-4B3A-9A43-C8519D2958B6}.Release|Any CPU.ActiveCfg = Release|Any CPU
		{5AD873FC-D304-4B3A-9A43-C8519D2958B6}.Release|Any CPU.Build.0 = Release|Any CPU
	EndGlobalSection
	GlobalSection(SolutionProperties) = preSolution
		HideSolutionNode = FALSE
	EndGlobalSection
	GlobalSection(ExtensibilityGlobals) = postSolution
		SolutionGuid = {23851990-B31D-498A-996A-7687CCA0C3FF}
	EndGlobalSection
EndGlobal
