
Microsoft Visual Studio Solution File, Format Version 12.00
# Visual Studio Version 17
VisualStudioVersion = 17.4.33122.133
MinimumVisualStudioVersion = 10.0.40219.1
Project("{FAE04EC0-301F-11D3-BF4B-00C04F79EFBC}") = "IteratorsAndComparators", "Library\IteratorsAndComparators.csproj", "{26B23A6B-DCAB-42DF-8284-FFED258E079B}"
EndProject
Global
	GlobalSection(SolutionConfigurationPlatforms) = preSolution
		Debug|Any CPU = Debug|Any CPU
		Release|Any CPU = Release|Any CPU
	EndGlobalSection
	GlobalSection(ProjectConfigurationPlatforms) = postSolution
		{26B23A6B-DCAB-42DF-8284-FFED258E079B}.Debug|Any CPU.ActiveCfg = Debug|Any CPU
		{26B23A6B-DCAB-42DF-8284-FFED258E079B}.Debug|Any CPU.Build.0 = Debug|Any CPU
		{26B23A6B-DCAB-42DF-8284-FFED258E079B}.Release|Any CPU.ActiveCfg = Release|Any CPU
		{26B23A6B-DCAB-42DF-8284-FFED258E079B}.Release|Any CPU.Build.0 = Release|Any CPU
	EndGlobalSection
	GlobalSection(SolutionProperties) = preSolution
		HideSolutionNode = FALSE
	EndGlobalSection
	GlobalSection(ExtensibilityGlobals) = postSolution
		SolutionGuid = {34074026-4F86-4931-B3D6-0F0B867D08A9}
	EndGlobalSection
EndGlobal
